
Microsoft Visual Studio Solution File, Format Version 12.00
# Visual Studio Version 16
VisualStudioVersion = 16.0.34601.136
MinimumVisualStudioVersion = 10.0.40219.1
Project("{FAE04EC0-301F-11D3-BF4B-00C04F79EFBC}") = "BackendSixDegrees", "BackendSixDegrees\BackendSixDegrees.csproj", "{BF6C3863-62CD-4F45-8B85-A950C3DF9FCF}"
EndProject
Project("{FAE04EC0-301F-11D3-BF4B-00C04F79EFBC}") = "CapaNegocio", "CapaNegocio\CapaNegocio.csproj", "{1C5A63FD-6A92-4092-A6C6-71CB362B38B3}"
EndProject
Project("{FAE04EC0-301F-11D3-BF4B-00C04F79EFBC}") = "CapaAccesoDatos", "CapaAccesoDatos\CapaAccesoDatos.csproj", "{344DD63C-3291-418F-8E17-79A8BE083199}"
EndProject
Project("{FAE04EC0-301F-11D3-BF4B-00C04F79EFBC}") = "Entidades", "Entidades\Entidades.csproj", "{4C42F915-C097-4FA6-8EE2-FEAC4EB2F841}"
EndProject
Global
	GlobalSection(SolutionConfigurationPlatforms) = preSolution
		Debug|Any CPU = Debug|Any CPU
		Release|Any CPU = Release|Any CPU
	EndGlobalSection
	GlobalSection(ProjectConfigurationPlatforms) = postSolution
		{BF6C3863-62CD-4F45-8B85-A950C3DF9FCF}.Debug|Any CPU.ActiveCfg = Debug|Any CPU
		{BF6C3863-62CD-4F45-8B85-A950C3DF9FCF}.Debug|Any CPU.Build.0 = Debug|Any CPU
		{BF6C3863-62CD-4F45-8B85-A950C3DF9FCF}.Release|Any CPU.ActiveCfg = Release|Any CPU
		{BF6C3863-62CD-4F45-8B85-A950C3DF9FCF}.Release|Any CPU.Build.0 = Release|Any CPU
		{1C5A63FD-6A92-4092-A6C6-71CB362B38B3}.Debug|Any CPU.ActiveCfg = Debug|Any CPU
		{1C5A63FD-6A92-4092-A6C6-71CB362B38B3}.Debug|Any CPU.Build.0 = Debug|Any CPU
		{1C5A63FD-6A92-4092-A6C6-71CB362B38B3}.Release|Any CPU.ActiveCfg = Release|Any CPU
		{1C5A63FD-6A92-4092-A6C6-71CB362B38B3}.Release|Any CPU.Build.0 = Release|Any CPU
		{344DD63C-3291-418F-8E17-79A8BE083199}.Debug|Any CPU.ActiveCfg = Debug|Any CPU
		{344DD63C-3291-418F-8E17-79A8BE083199}.Debug|Any CPU.Build.0 = Debug|Any CPU
		{344DD63C-3291-418F-8E17-79A8BE083199}.Release|Any CPU.ActiveCfg = Release|Any CPU
		{344DD63C-3291-418F-8E17-79A8BE083199}.Release|Any CPU.Build.0 = Release|Any CPU
		{4C42F915-C097-4FA6-8EE2-FEAC4EB2F841}.Debug|Any CPU.ActiveCfg = Debug|Any CPU
		{4C42F915-C097-4FA6-8EE2-FEAC4EB2F841}.Debug|Any CPU.Build.0 = Debug|Any CPU
		{4C42F915-C097-4FA6-8EE2-FEAC4EB2F841}.Release|Any CPU.ActiveCfg = Release|Any CPU
		{4C42F915-C097-4FA6-8EE2-FEAC4EB2F841}.Release|Any CPU.Build.0 = Release|Any CPU
	EndGlobalSection
	GlobalSection(SolutionProperties) = preSolution
		HideSolutionNode = FALSE
	EndGlobalSection
	GlobalSection(ExtensibilityGlobals) = postSolution
		SolutionGuid = {EBDC7DE4-6A4D-4719-8A64-5D95E7E41AA5}
	EndGlobalSection
EndGlobal
